
Microsoft Visual Studio Solution File, Format Version 12.00
# Visual Studio 15
VisualStudioVersion = 15.0.28307.329
MinimumVisualStudioVersion = 10.0.40219.1
Project("{FAE04EC0-301F-11D3-BF4B-00C04F79EFBC}") = "tic-tac-toe", "tic-tac-toe\tic-tac-toe.csproj", "{853EA04C-864F-4180-977F-076E31457C01}"
EndProject
Global
	GlobalSection(SolutionConfigurationPlatforms) = preSolution
		Debug|Any CPU = Debug|Any CPU
		Release|Any CPU = Release|Any CPU
	EndGlobalSection
	GlobalSection(ProjectConfigurationPlatforms) = postSolution
		{853EA04C-864F-4180-977F-076E31457C01}.Debug|Any CPU.ActiveCfg = Debug|Any CPU
		{853EA04C-864F-4180-977F-076E31457C01}.Debug|Any CPU.Build.0 = Debug|Any CPU
		{853EA04C-864F-4180-977F-076E31457C01}.Release|Any CPU.ActiveCfg = Release|Any CPU
		{853EA04C-864F-4180-977F-076E31457C01}.Release|Any CPU.Build.0 = Release|Any CPU
	EndGlobalSection
	GlobalSection(SolutionProperties) = preSolution
		HideSolutionNode = FALSE
	EndGlobalSection
	GlobalSection(ExtensibilityGlobals) = postSolution
		SolutionGuid = {65795D0C-CEC9-49AB-B0AB-85E90511A124}
	EndGlobalSection
EndGlobal
